{
	"name": "PanelServer",
	"version": "0.0.2",
	"lockfileVersion": 3,
	"requires": true,
	"packages": {
		"": {
			"name": "PanelServer",
			"version": "0.0.2",
			"license": "MIT",
			"dependencies": {
				"connect": "2.x.x",
				"socket.io": "1.x.x",
				"xml2js": "0.5.x"
			},
			"devDependencies": {},
			"engines": {
				"node": "0.6.x"
			}
		},
		"node_modules/accepts": {
			"version": "1.2.13",
			"resolved": "https://registry.npmjs.org/accepts/-/accepts-1.2.13.tgz",
			"integrity": "sha512-R190A3EzrS4huFOVZajhXCYZt5p5yrkaQOB4nsWzfth0cYaDcSN5J86l58FJ1dt7igp37fB/QhnuFkGAJmr+eg==",
			"dependencies": {
				"mime-types": "~2.1.6",
				"negotiator": "0.5.3"
			},
			"engines": {
				"node": ">= 0.6"
			}
		},
		"node_modules/after": {
			"version": "0.8.2",
			"resolved": "https://registry.npmjs.org/after/-/after-0.8.2.tgz",
			"integrity": "sha512-QbJ0NTQ/I9DI3uSJA4cbexiwQeRAfjPScqIbSjUDd9TOrcg6pTkdgziesOqxBMBzit8vFCTwrP27t13vFOORRA=="
		},
		"node_modules/arraybuffer.slice": {
			"version": "0.0.6",
			"resolved": "https://registry.npmjs.org/arraybuffer.slice/-/arraybuffer.slice-0.0.6.tgz",
			"integrity": "sha512-6ZjfQaBSy6CuIH0+B0NrxMfDE5VIOCP/5gOqSpEIsaAZx9/giszzrXg6PZ7G51U/n88UmlAgYLNQ9wAnII7PJA=="
		},
		"node_modules/backo2": {
			"version": "1.0.2",
			"resolved": "https://registry.npmjs.org/backo2/-/backo2-1.0.2.tgz",
			"integrity": "sha512-zj6Z6M7Eq+PBZ7PQxl5NT665MvJdAkzp0f60nAJ+sLaSCBPMwVak5ZegFbgVCzFcCJTKFoMizvM5Ld7+JrRJHA=="
		},
		"node_modules/base64-arraybuffer": {
			"version": "0.1.5",
			"resolved": "https://registry.npmjs.org/base64-arraybuffer/-/base64-arraybuffer-0.1.5.tgz",
			"integrity": "sha512-437oANT9tP582zZMwSvZGy2nmSeAb8DW2me3y+Uv1Wp2Rulr8Mqlyrv3E7MLxmsiaPSMMDmiDVzgE+e8zlMx9g==",
			"engines": {
				"node": ">= 0.6.0"
			}
		},
		"node_modules/base64-url": {
			"version": "1.2.1",
			"resolved": "https://registry.npmjs.org/base64-url/-/base64-url-1.2.1.tgz",
			"integrity": "sha512-V8E0l1jyyeSSS9R+J9oljx5eq2rqzClInuwaPcyuv0Mm3ViI/3/rcc4rCEO8i4eQ4I0O0FAGYDA2i5xWHHPhzg=="
		},
		"node_modules/base64id": {
			"version": "1.0.0",
			"resolved": "https://registry.npmjs.org/base64id/-/base64id-1.0.0.tgz",
			"integrity": "sha512-rz8L+d/xByiB/vLVftPkyY215fqNrmasrcJsYkVcm4TgJNz+YXKrFaFAWibSaHkiKoSgMDCb+lipOIRQNGYesw==",
			"engines": {
				"node": ">= 0.4.0"
			}
		},
		"node_modules/basic-auth": {
			"version": "1.0.4",
			"resolved": "https://registry.npmjs.org/basic-auth/-/basic-auth-1.0.4.tgz",
			"integrity": "sha512-uvq3I/zC5TmG0WZJDzsXzIytU9GiiSq23Gl27Dq9sV81JTfPfQhtdADECP1DJZeJoZPuYU0Y81hWC5y/dOR+Yw==",
			"engines": {
				"node": ">= 0.6"
			}
		},
		"node_modules/basic-auth-connect": {
			"version": "1.0.0",
			"resolved": "https://registry.npmjs.org/basic-auth-connect/-/basic-auth-connect-1.0.0.tgz",
			"integrity": "sha512-kiV+/DTgVro4aZifY/hwRwALBISViL5NP4aReaR2EVJEObpbUBHIkdJh/YpcoEiYt7nBodZ6U2ajZeZvSxUCCg=="
		},
		"node_modules/batch": {
			"version": "0.5.3",
			"resolved": "https://registry.npmjs.org/batch/-/batch-0.5.3.tgz",
			"integrity": "sha512-aQgHPLH2DHpFTpBl5/GiVdNzHEqsLCSs1RiPvqkKP1+7RkNJlv71kL8/KXmvvaLqoZ7ylmvqkZhLjjAoRz8Xgw=="
		},
		"node_modules/better-assert": {
			"version": "1.0.2",
			"resolved": "https://registry.npmjs.org/better-assert/-/better-assert-1.0.2.tgz",
			"integrity": "sha512-bYeph2DFlpK1XmGs6fvlLRUN29QISM3GBuUwSFsMY2XRx4AvC0WNCS57j4c/xGrK2RS24C1w3YoBOsw9fT46tQ==",
			"dependencies": {
				"callsite": "1.0.0"
			},
			"engines": {
				"node": "*"
			}
		},
		"node_modules/blob": {
			"version": "0.0.4",
			"resolved": "https://registry.npmjs.org/blob/-/blob-0.0.4.tgz",
			"integrity": "sha512-YRc9zvVz4wNaxcXmiSgb9LAg7YYwqQ2xd0Sj6osfA7k/PKmIGVlnOYs3wOFdkRC9/JpQu8sGt/zHgJV7xzerfg=="
		},
		"node_modules/body-parser": {
			"version": "1.13.3",
			"resolved": "https://registry.npmjs.org/body-parser/-/body-parser-1.13.3.tgz",
			"integrity": "sha512-ypX8/9uws2W+CjPp3QMmz1qklzlhRBknQve22Y+WFecHql+qDFfG+VVNX7sooA4Q3+2fdq4ZZj6Xr07gA90RZg==",
			"dependencies": {
				"bytes": "2.1.0",
				"content-type": "~1.0.1",
				"debug": "~2.2.0",
				"depd": "~1.0.1",
				"http-errors": "~1.3.1",
				"iconv-lite": "0.4.11",
				"on-finished": "~2.3.0",
				"qs": "4.0.0",
				"raw-body": "~2.1.2",
				"type-is": "~1.6.6"
			},
			"engines": {
				"node": ">= 0.8"
			}
		},
		"node_modules/bytes": {
			"version": "2.1.0",
			"resolved": "https://registry.npmjs.org/bytes/-/bytes-2.1.0.tgz",
			"integrity": "sha512-k9VSlRfRi5JYyQWMylSOgjld96ta1qaQUIvmn+na0BzViclH04PBumewv4z5aeXNkn6Z/gAN5FtPeBLvV20F9w=="
		},
		"node_modules/callsite": {
			"version": "1.0.0",
			"resolved": "https://registry.npmjs.org/callsite/-/callsite-1.0.0.tgz",
			"integrity": "sha512-0vdNRFXn5q+dtOqjfFtmtlI9N2eVZ7LMyEV2iKC5mEEFvSg/69Ml6b/WU2qF8W1nLRa0wiSrDT3Y5jOHZCwKPQ==",
			"engines": {
				"node": "*"
			}
		},
		"node_modules/component-bind": {
			"version": "1.0.0",
			"resolved": "https://registry.npmjs.org/component-bind/-/component-bind-1.0.0.tgz",
			"integrity": "sha512-WZveuKPeKAG9qY+FkYDeADzdHyTYdIboXS59ixDeRJL5ZhxpqUnxSOwop4FQjMsiYm3/Or8cegVbpAHNA7pHxw=="
		},
		"node_modules/component-emitter": {
			"version": "1.2.1",
			"resolved": "https://registry.npmjs.org/component-emitter/-/component-emitter-1.2.1.tgz",
			"integrity": "sha512-jPatnhd33viNplKjqXKRkGU345p263OIWzDL2wH3LGIGp5Kojo+uXizHmOADRvhGFFTnJqX3jBAKP6vvmSDKcA=="
		},
		"node_modules/component-inherit": {
			"version": "0.0.3",
			"resolved": "https://registry.npmjs.org/component-inherit/-/component-inherit-0.0.3.tgz",
			"integrity": "sha512-w+LhYREhatpVqTESyGFg3NlP6Iu0kEKUHETY9GoZP/pQyW4mHFZuFWRUCIqVPZ36ueVLtoOEZaAqbCF2RDndaA=="
		},
		"node_modules/compressible": {
			"version": "2.0.18",
			"resolved": "https://registry.npmjs.org/compressible/-/compressible-2.0.18.tgz",
			"integrity": "sha512-AF3r7P5dWxL8MxyITRMlORQNaOA2IkAFaTr4k7BUumjPtRpGDTZpl0Pb1XCO6JeDCBdp126Cgs9sMxqSjgYyRg==",
			"dependencies": {
				"mime-db": ">= 1.43.0 < 2"
			},
			"engines": {
				"node": ">= 0.6"
			}
		},
		"node_modules/compression": {
			"version": "1.5.2",
			"resolved": "https://registry.npmjs.org/compression/-/compression-1.5.2.tgz",
			"integrity": "sha512-+2fE8M8+Oe0kAlbMPz6UinaaH/HaGf+c5HlWRyYtPga/PHKxStJJKTU4xca8StY0JQ78L2kJaslpgSzCKgHaxQ==",
			"dependencies": {
				"accepts": "~1.2.12",
				"bytes": "2.1.0",
				"compressible": "~2.0.5",
				"debug": "~2.2.0",
				"on-headers": "~1.0.0",
				"vary": "~1.0.1"
			},
			"engines": {
				"node": ">= 0.8.0"
			}
		},
		"node_modules/connect": {
			"version": "2.30.2",
			"resolved": "https://registry.npmjs.org/connect/-/connect-2.30.2.tgz",
			"integrity": "sha512-eY4YHls5bz/g6h9Q8B/aVkS6D7+TRiRlI3ksuruv3yc2rLbTG7HB/7T/CoZsuVH5e2i3S9J+2eARV5o7GIYq8Q==",
			"deprecated": "connect 2.x series is deprecated",
			"dependencies": {
				"basic-auth-connect": "1.0.0",
				"body-parser": "~1.13.3",
				"bytes": "2.1.0",
				"compression": "~1.5.2",
				"connect-timeout": "~1.6.2",
				"content-type": "~1.0.1",
				"cookie": "0.1.3",
				"cookie-parser": "~1.3.5",
				"cookie-signature": "1.0.6",
				"csurf": "~1.8.3",
				"debug": "~2.2.0",
				"depd": "~1.0.1",
				"errorhandler": "~1.4.2",
				"express-session": "~1.11.3",
				"finalhandler": "0.4.0",
				"fresh": "0.3.0",
				"http-errors": "~1.3.1",
				"method-override": "~2.3.5",
				"morgan": "~1.6.1",
				"multiparty": "3.3.2",
				"on-headers": "~1.0.0",
				"parseurl": "~1.3.0",
				"pause": "0.1.0",
				"qs": "4.0.0",
				"response-time": "~2.3.1",
				"serve-favicon": "~2.3.0",
				"serve-index": "~1.7.2",
				"serve-static": "~1.10.0",
				"type-is": "~1.6.6",
				"utils-merge": "1.0.0",
				"vhost": "~3.0.1"
			},
			"engines": {
				"node": ">= 0.8.0"
			}
		},
		"node_modules/connect-timeout": {
			"version": "1.6.2",
			"resolved": "https://registry.npmjs.org/connect-timeout/-/connect-timeout-1.6.2.tgz",
			"integrity": "sha512-qIFt3Ja6gRuJtVoWhPa5FtOO8ERs0MfW/QkmQ0vjrAL78otrkxe8w/qjTAgU/T1W/jH5qeZXJHilmOPKNTiEQw==",
			"dependencies": {
				"debug": "~2.2.0",
				"http-errors": "~1.3.1",
				"ms": "0.7.1",
				"on-headers": "~1.0.0"
			},
			"engines": {
				"node": ">= 0.8"
			}
		},
		"node_modules/content-type": {
			"version": "1.0.5",
			"resolved": "https://registry.npmjs.org/content-type/-/content-type-1.0.5.tgz",
			"integrity": "sha512-nTjqfcBFEipKdXCv4YDQWCfmcLZKm81ldF0pAopTvyrFGVbcR6P/VAAd5G7N+0tTr8QqiU0tFadD6FK4NtJwOA==",
			"engines": {
				"node": ">= 0.6"
			}
		},
		"node_modules/cookie": {
			"version": "0.1.3",
			"resolved": "https://registry.npmjs.org/cookie/-/cookie-0.1.3.tgz",
			"integrity": "sha512-mWkFhcL+HVG1KjeCjEBVJJ7s4sAGMLiBDFSDs4bzzvgLZt7rW8BhP6XV/8b1+pNvx/skd3yYxPuaF3Z6LlQzyw==",
			"engines": {
				"node": "*"
			}
		},
		"node_modules/cookie-parser": {
			"version": "1.3.5",
			"resolved": "https://registry.npmjs.org/cookie-parser/-/cookie-parser-1.3.5.tgz",
			"integrity": "sha512-YN/8nzPcK5o6Op4MIzAd4H4qUal5+3UaMhVIeaafFYL0pKvBQA/9Yhzo7ZwvBpjdGshsiTAb1+FC37M6RdPDFg==",
			"dependencies": {
				"cookie": "0.1.3",
				"cookie-signature": "1.0.6"
			},
			"engines": {
				"node": ">= 0.8.0"
			}
		},
		"node_modules/cookie-signature": {
			"version": "1.0.6",
			"resolved": "https://registry.npmjs.org/cookie-signature/-/cookie-signature-1.0.6.tgz",
			"integrity": "sha512-QADzlaHc8icV8I7vbaJXJwod9HWYp8uCqf1xa4OfNu1T7JVxQIrUgOWtHdNDtPiywmFbiS12VjotIXLrKM3orQ=="
		},
		"node_modules/core-util-is": {
			"version": "1.0.3",
			"resolved": "https://registry.npmjs.org/core-util-is/-/core-util-is-1.0.3.tgz",
			"integrity": "sha512-ZQBvi1DcpJ4GDqanjucZ2Hj3wEO5pZDS89BWbkcrvdxksJorwUDDZamX9ldFkp9aw2lmBDLgkObEA4DWNJ9FYQ=="
		},
		"node_modules/crc": {
			"version": "3.3.0",
			"resolved": "https://registry.npmjs.org/crc/-/crc-3.3.0.tgz",
			"integrity": "sha512-QCx3z7FOZbJrapsnewTkh1Hxh6PHV61SRHbx6Q65Uih3y0kfIj+dDGI3uQ4Q1DLKOILyvpZxvJpoKPrxathpCg=="
		},
		"node_modules/csrf": {
			"version": "3.0.6",
			"resolved": "https://registry.npmjs.org/csrf/-/csrf-3.0.6.tgz",
			"integrity": "sha512-3q1ocniLMgk9nHHEt/I/JsN9IfiGjgp6MHgYNT7+CPmQvi5DF6qzenXnZSH6f9Qaa+4DhmUDJa8SgFZ+OFf9Qg==",
			"dependencies": {
				"rndm": "1.2.0",
				"tsscmp": "1.0.5",
				"uid-safe": "2.1.4"
			},
			"engines": {
				"node": ">= 0.8"
			}
		},
		"node_modules/csurf": {
			"version": "1.8.3",
			"resolved": "https://registry.npmjs.org/csurf/-/csurf-1.8.3.tgz",
			"integrity": "sha512-p2NJ9fGOn5HCaV9jAOBCSjIGMRMrpm9/yDswD0bFi7zQv1ifDufIKI5nem9RmhMsH6jVD6Sx6vs57hnivvkJJw==",
			"dependencies": {
				"cookie": "0.1.3",
				"cookie-signature": "1.0.6",
				"csrf": "~3.0.0",
				"http-errors": "~1.3.1"
			},
			"engines": {
				"node": ">= 0.8.0"
			}
		},
		"node_modules/debug": {
			"version": "2.2.0",
			"resolved": "https://registry.npmjs.org/debug/-/debug-2.2.0.tgz",
			"integrity": "sha512-X0rGvJcskG1c3TgSCPqHJ0XJgwlcvOC7elJ5Y0hYuKBZoVqWpAMfLOeIh2UI/DCQ5ruodIjvsugZtjUYUw2pUw==",
			"dependencies": {
				"ms": "0.7.1"
			}
		},
		"node_modules/depd": {
			"version": "1.0.1",
			"resolved": "https://registry.npmjs.org/depd/-/depd-1.0.1.tgz",
			"integrity": "sha512-OEWAMbCkK9IWQ8pfTvHBhCSqHgR+sk5pbiYqq0FqfARG4Cy+cRsCbITx6wh5pcsmfBPiJAcbd98tfdz5fnBbag==",
			"engines": {
				"node": ">= 0.6"
			}
		},
		"node_modules/destroy": {
			"version": "1.0.4",
			"resolved": "https://registry.npmjs.org/destroy/-/destroy-1.0.4.tgz",
			"integrity": "sha512-3NdhDuEXnfun/z7x9GOElY49LoqVHoGScmOKwmxhsS8N5Y+Z8KyPPDnaSzqWgYt/ji4mqwfTS34Htrk0zPIXVg=="
		},
		"node_modules/ee-first": {
			"version": "1.1.1",
			"resolved": "https://registry.npmjs.org/ee-first/-/ee-first-1.1.1.tgz",
			"integrity": "sha512-WMwm9LhRUo+WUaRN+vRuETqG89IgZphVSNkdFgeb6sS/E4OrDIN7t48CAewSHXc6C8lefD8KKfr5vY61brQlow=="
		},
		"node_modules/engine.io": {
			"version": "1.8.5",
			"resolved": "https://registry.npmjs.org/engine.io/-/engine.io-1.8.5.tgz",
			"integrity": "sha512-j1DWIcktw4hRwrv6nWx++5nFH2X64x16MAG2P0Lmi5Dvdfi3I+Jhc7JKJIdAmDJa+5aZ/imHV7dWRPy2Cqjh3A==",
			"dependencies": {
				"accepts": "1.3.3",
				"base64id": "1.0.0",
				"cookie": "0.3.1",
				"debug": "2.3.3",
				"engine.io-parser": "1.3.2",
				"ws": "~1.1.5"
			}
		},
		"node_modules/engine.io-client": {
			"version": "1.8.6",
			"resolved": "https://registry.npmjs.org/engine.io-client/-/engine.io-client-1.8.6.tgz",
			"integrity": "sha512-6+rInQu8xU7c0fIF6RC4SRKuHVWPt8Xq0bZYS4lMrTwmhRineOlEMsU3X0zS5mHIvCgJsmpOKEX7DhihGk7j0g==",
			"dependencies": {
				"component-emitter": "1.2.1",
				"component-inherit": "0.0.3",
				"debug": "2.3.3",
				"engine.io-parser": "1.3.2",
				"has-cors": "1.1.0",
				"indexof": "0.0.1",
				"parsejson": "0.0.3",
				"parseqs": "0.0.5",
				"parseuri": "0.0.5",
				"ws": "~1.1.5",
				"xmlhttprequest-ssl": "1.6.3",
				"yeast": "0.1.2"
			}
		},
		"node_modules/engine.io-client/node_modules/debug": {
			"version": "2.3.3",
			"resolved": "https://registry.npmjs.org/debug/-/debug-2.3.3.tgz",
			"integrity": "sha512-dCHp4G+F11zb+RtEu7BE2U8R32AYmM/4bljQfut8LipH3PdwsVBVGh083MXvtKkB7HSQUzSwiXz53c4mzJvYfw==",
			"dependencies": {
				"ms": "0.7.2"
			}
		},
		"node_modules/engine.io-client/node_modules/ms": {
			"version": "0.7.2",
			"resolved": "https://registry.npmjs.org/ms/-/ms-0.7.2.tgz",
			"integrity": "sha512-5NnE67nQSQDJHVahPJna1PQ/zCXMnQop3yUCxjKPNzCxuyPSKWTQ/5Gu5CZmjetwGLWRA+PzeF5thlbOdbQldA=="
		},
		"node_modules/engine.io-parser": {
			"version": "1.3.2",
			"resolved": "https://registry.npmjs.org/engine.io-parser/-/engine.io-parser-1.3.2.tgz",
			"integrity": "sha512-3UyTJo+5Jbmr7rd3MosTAApK7BOIo4sjx8dJYSHa3Em5R3A9Y2s9GWu4JFJe6Px0VieJC0hKUA5NBytC+O7k2A==",
			"dependencies": {
				"after": "0.8.2",
				"arraybuffer.slice": "0.0.6",
				"base64-arraybuffer": "0.1.5",
				"blob": "0.0.4",
				"has-binary": "0.1.7",
				"wtf-8": "1.0.0"
			}
		},
		"node_modules/engine.io/node_modules/accepts": {
			"version": "1.3.3",
			"resolved": "https://registry.npmjs.org/accepts/-/accepts-1.3.3.tgz",
			"integrity": "sha512-AOPopplFOUlmUugwiZUCDpOwmqvSgdCyE8iJVLWI4NcB7qfMKQN34dn5xYtlUU03XGG5egRWW4NW5gIxpa5hEA==",
			"dependencies": {
				"mime-types": "~2.1.11",
				"negotiator": "0.6.1"
			},
			"engines": {
				"node": ">= 0.6"
			}
		},
		"node_modules/engine.io/node_modules/cookie": {
			"version": "0.3.1",
			"resolved": "https://registry.npmjs.org/cookie/-/cookie-0.3.1.tgz",
			"integrity": "sha512-+IJOX0OqlHCszo2mBUq+SrEbCj6w7Kpffqx60zYbPTFaO4+yYgRjHwcZNpWvaTylDHaV7PPmBHzSecZiMhtPgw==",
			"engines": {
				"node": ">= 0.6"
			}
		},
		"node_modules/engine.io/node_modules/debug": {
			"version": "2.3.3",
			"resolved": "https://registry.npmjs.org/debug/-/debug-2.3.3.tgz",
			"integrity": "sha512-dCHp4G+F11zb+RtEu7BE2U8R32AYmM/4bljQfut8LipH3PdwsVBVGh083MXvtKkB7HSQUzSwiXz53c4mzJvYfw==",
			"dependencies": {
				"ms": "0.7.2"
			}
		},
		"node_modules/engine.io/node_modules/ms": {
			"version": "0.7.2",
			"resolved": "https://registry.npmjs.org/ms/-/ms-0.7.2.tgz",
			"integrity": "sha512-5NnE67nQSQDJHVahPJna1PQ/zCXMnQop3yUCxjKPNzCxuyPSKWTQ/5Gu5CZmjetwGLWRA+PzeF5thlbOdbQldA=="
		},
		"node_modules/engine.io/node_modules/negotiator": {
			"version": "0.6.1",
			"resolved": "https://registry.npmjs.org/negotiator/-/negotiator-0.6.1.tgz",
			"integrity": "sha512-qTxkr1RoLw5Pz+1+PTJ/66hWuyi2LEOeOuIDJDlx6JF8x75bmD5C7qXTg2UlX5W9rLfkqKP+r8q6Vy6NWdWrbw==",
			"engines": {
				"node": ">= 0.6"
			}
		},
		"node_modules/errorhandler": {
			"version": "1.4.3",
			"resolved": "https://registry.npmjs.org/errorhandler/-/errorhandler-1.4.3.tgz",
			"integrity": "sha512-pp1hk9sZBq4Bj/e/Cl84fJ3cYiQDFZk3prp7jrurUbPGOlY7zA2OubjhhEAWuUb8VNTFIkGwoby7Uq6YpicfvQ==",
			"dependencies": {
				"accepts": "~1.3.0",
				"escape-html": "~1.0.3"
			},
			"engines": {
				"node": ">= 0.8"
			}
		},
		"node_modules/errorhandler/node_modules/accepts": {
			"version": "1.3.8",
			"resolved": "https://registry.npmjs.org/accepts/-/accepts-1.3.8.tgz",
			"integrity": "sha512-PYAthTa2m2VKxuvSD3DPC/Gy+U+sOA1LAuT8mkmRuvw+NACSaeXEQ+NHcVF7rONl6qcaxV3Uuemwawk+7+SJLw==",
			"dependencies": {
				"mime-types": "~2.1.34",
				"negotiator": "0.6.3"
			},
			"engines": {
				"node": ">= 0.6"
			}
		},
		"node_modules/errorhandler/node_modules/negotiator": {
			"version": "0.6.3",
			"resolved": "https://registry.npmjs.org/negotiator/-/negotiator-0.6.3.tgz",
			"integrity": "sha512-+EUsqGPLsM+j/zdChZjsnX51g4XrHFOIXwfnCVPGlQk/k5giakcKsuxCObBRu6DSm9opw/O6slWbJdghQM4bBg==",
			"engines": {
				"node": ">= 0.6"
			}
		},
		"node_modules/escape-html": {
			"version": "1.0.3",
			"resolved": "https://registry.npmjs.org/escape-html/-/escape-html-1.0.3.tgz",
			"integrity": "sha512-NiSupZ4OeuGwr68lGIeym/ksIZMJodUGOSCZ/FSnTxcrekbvqrgdUxlJOMpijaKZVjAJrWrGs/6Jy8OMuyj9ow=="
		},
		"node_modules/etag": {
			"version": "1.7.0",
			"resolved": "https://registry.npmjs.org/etag/-/etag-1.7.0.tgz",
			"integrity": "sha512-Mbv5pNpLNPrm1b4rzZlZlfTRpdDr31oiD43N362sIyvSWVNu5Du33EcJGzvEV4YdYLuENB1HzND907cQkFmXNw==",
			"engines": {
				"node": ">= 0.6"
			}
		},
		"node_modules/express-session": {
			"version": "1.11.3",
			"resolved": "https://registry.npmjs.org/express-session/-/express-session-1.11.3.tgz",
			"integrity": "sha512-QdSbGRRg+JMvlYpancRDFXDmIMqjEdpowriwQc4Kz3mvPwTnOPD/h5FSS21+4z4Isosta+ULmEwL6F3/lylWWg==",
			"dependencies": {
				"cookie": "0.1.3",
				"cookie-signature": "1.0.6",
				"crc": "3.3.0",
				"debug": "~2.2.0",
				"depd": "~1.0.1",
				"on-headers": "~1.0.0",
				"parseurl": "~1.3.0",
				"uid-safe": "~2.0.0",
				"utils-merge": "1.0.0"
			},
			"engines": {
				"node": ">= 0.8.0"
			}
		},
		"node_modules/express-session/node_modules/uid-safe": {
			"version": "2.0.0",
			"resolved": "https://registry.npmjs.org/uid-safe/-/uid-safe-2.0.0.tgz",
			"integrity": "sha512-PH/12q0a/sEGVS28fZ5evILW2Ayn13PwkYmCleDsIPm39vUIqN58hjyqtUd496kyMY6WkXtaDMDpS8nSCmNKTg==",
			"dependencies": {
				"base64-url": "1.2.1"
			},
			"engines": {
				"node": ">= 0.8"
			}
		},
		"node_modules/finalhandler": {
			"version": "0.4.0",
			"resolved": "https://registry.npmjs.org/finalhandler/-/finalhandler-0.4.0.tgz",
			"integrity": "sha512-jJU2WE88OqUvwAIf/1K2G2fTdKKZ8LvSwYQyFFekDcmBnBmht38enbcmErnA7iNZktcEo/o2JAHYbe1QDOAgaA==",
			"dependencies": {
				"debug": "~2.2.0",
				"escape-html": "1.0.2",
				"on-finished": "~2.3.0",
				"unpipe": "~1.0.0"
			},
			"engines": {
				"node": ">= 0.8"
			}
		},
		"node_modules/finalhandler/node_modules/escape-html": {
			"version": "1.0.2",
			"resolved": "https://registry.npmjs.org/escape-html/-/escape-html-1.0.2.tgz",
			"integrity": "sha512-J5ahyCRC4liskWVAfkmosNWfG0eHQxI0W+Ko7k3cZaYVMfgt05dwZ68vw6S/TZM1BPvuTv3kq6CRCb7WWtBUVA=="
		},
		"node_modules/fresh": {
			"version": "0.3.0",
			"resolved": "https://registry.npmjs.org/fresh/-/fresh-0.3.0.tgz",
			"integrity": "sha512-akx5WBKAwMSg36qoHTuMMVncHWctlaDGslJASDYAhoLrzDUDCjZlOngNa/iC6lPm9aA0qk8pN5KnpmbJHSIIQQ==",
			"engines": {
				"node": ">= 0.6"
			}
		},
		"node_modules/has-binary": {
			"version": "0.1.7",
			"resolved": "https://registry.npmjs.org/has-binary/-/has-binary-0.1.7.tgz",
			"integrity": "sha512-k1Umb4/jrBWZbtL+QKSji8qWeoZ7ZTkXdnDXt1wxwBKAFM0//u96wDj43mBIqCIas8rDQMYyrBEvcS8hdGd4Sg==",
			"dependencies": {
				"isarray": "0.0.1"
			}
		},
		"node_modules/has-cors": {
			"version": "1.1.0",
			"resolved": "https://registry.npmjs.org/has-cors/-/has-cors-1.1.0.tgz",
			"integrity": "sha512-g5VNKdkFuUuVCP9gYfDJHjK2nqdQJ7aDLTnycnc2+RvsOQbuLdF5pm7vuE5J76SEBIQjs4kQY/BWq74JUmjbXA=="
		},
		"node_modules/http-errors": {
			"version": "1.3.1",
			"resolved": "https://registry.npmjs.org/http-errors/-/http-errors-1.3.1.tgz",
			"integrity": "sha512-gMygNskMurDCWfoCdyh1gOeDfSbkAHXqz94QoPj5IHIUjC/BG8/xv7FSEUr7waR5RcAya4j58bft9Wu/wHNeXA==",
			"dependencies": {
				"inherits": "~2.0.1",
				"statuses": "1"
			},
			"engines": {
				"node": ">= 0.6"
			}
		},
		"node_modules/iconv-lite": {
			"version": "0.4.11",
			"resolved": "https://registry.npmjs.org/iconv-lite/-/iconv-lite-0.4.11.tgz",
			"integrity": "sha512-8UmnaYeP5puk18SkBrYULVTiq7REcimhx+ykJVJBiaz89DQmVQAfS29ZhHah86la90/t0xy4vRk86/2cCwNodA==",
			"engines": {
				"node": ">=0.8.0"
			}
		},
		"node_modules/indexof": {
			"version": "0.0.1",
			"resolved": "https://registry.npmjs.org/indexof/-/indexof-0.0.1.tgz",
			"integrity": "sha512-i0G7hLJ1z0DE8dsqJa2rycj9dBmNKgXBvotXtZYXakU9oivfB9Uj2ZBC27qqef2U58/ZLwalxa1X/RDCdkHtVg=="
		},
		"node_modules/inherits": {
			"version": "2.0.4",
			"resolved": "https://registry.npmjs.org/inherits/-/inherits-2.0.4.tgz",
			"integrity": "sha512-k/vGaX4/Yla3WzyMCvTQOXYeIHvqOKtnqBduzTHpzpQZzAskKMhZ2K+EnBiSM9zGSoIFeMpXKxa4dYeZIQqewQ=="
		},
		"node_modules/isarray": {
			"version": "0.0.1",
			"resolved": "https://registry.npmjs.org/isarray/-/isarray-0.0.1.tgz",
			"integrity": "sha512-D2S+3GLxWH+uhrNEcoh/fnmYeP8E8/zHl644d/jdA0g2uyXvy3sb0qxotE+ne0LtccHknQzWwZEzhak7oJ0COQ=="
		},
		"node_modules/json3": {
			"version": "3.3.2",
			"resolved": "https://registry.npmjs.org/json3/-/json3-3.3.2.tgz",
			"integrity": "sha512-I5YLeauH3rIaE99EE++UeH2M2gSYo8/2TqDac7oZEH6D/DSQ4Woa628Qrfj1X9/OY5Mk5VvIDQaKCDchXaKrmA==",
			"deprecated": "Please use the native JSON object instead of JSON 3"
		},
		"node_modules/media-typer": {
			"version": "0.3.0",
			"resolved": "https://registry.npmjs.org/media-typer/-/media-typer-0.3.0.tgz",
			"integrity": "sha512-dq+qelQ9akHpcOl/gUVRTxVIOkAJ1wR3QAvb4RsVjS8oVoFjDGTc679wJYmUmknUF5HwMLOgb5O+a3KxfWapPQ==",
			"engines": {
				"node": ">= 0.6"
			}
		},
		"node_modules/method-override": {
			"version": "2.3.10",
			"resolved": "https://registry.npmjs.org/method-override/-/method-override-2.3.10.tgz",
			"integrity": "sha512-Ks2/7e+3JuwQcpLybc6wTHyqg13HDjOhLcE+YaAEub9DbSxF+ieMvxUlybmWW9luRMh9Cd0rO9aNtzUT51xfNQ==",
			"dependencies": {
				"debug": "2.6.9",
				"methods": "~1.1.2",
				"parseurl": "~1.3.2",
				"vary": "~1.1.2"
			},
			"engines": {
				"node": ">= 0.8.0"
			}
		},
		"node_modules/method-override/node_modules/debug": {
			"version": "2.6.9",
			"resolved": "https://registry.npmjs.org/debug/-/debug-2.6.9.tgz",
			"integrity": "sha512-bC7ElrdJaJnPbAP+1EotYvqZsb3ecl5wi6Bfi6BJTUcNowp6cvspg0jXznRTKDjm/E7AdgFBVeAPVMNcKGsHMA==",
			"dependencies": {
				"ms": "2.0.0"
			}
		},
		"node_modules/method-override/node_modules/ms": {
			"version": "2.0.0",
			"resolved": "https://registry.npmjs.org/ms/-/ms-2.0.0.tgz",
			"integrity": "sha512-Tpp60P6IUJDTuOq/5Z8cdskzJujfwqfOTkrwIwj7IRISpnkJnT6SyJ4PCPnGMoFjC9ddhal5KVIYtAt97ix05A=="
		},
		"node_modules/method-override/node_modules/vary": {
			"version": "1.1.2",
			"resolved": "https://registry.npmjs.org/vary/-/vary-1.1.2.tgz",
			"integrity": "sha512-BNGbWLfd0eUPabhkXUVm0j8uuvREyTh5ovRa/dyow/BqAbZJyC+5fU+IzQOzmAKzYqYRAISoRhdQr3eIZ/PXqg==",
			"engines": {
				"node": ">= 0.8"
			}
		},
		"node_modules/methods": {
			"version": "1.1.2",
			"resolved": "https://registry.npmjs.org/methods/-/methods-1.1.2.tgz",
			"integrity": "sha512-iclAHeNqNm68zFtnZ0e+1L2yUIdvzNoauKU4WBA3VvH/vPFieF7qfRlwUZU+DA9P9bPXIS90ulxoUoCH23sV2w==",
			"engines": {
				"node": ">= 0.6"
			}
		},
		"node_modules/mime": {
			"version": "1.3.4",
			"resolved": "https://registry.npmjs.org/mime/-/mime-1.3.4.tgz",
			"integrity": "sha512-sAaYXszED5ALBt665F0wMQCUXpGuZsGdopoqcHPdL39ZYdi7uHoZlhrfZfhv8WzivhBzr/oXwaj+yiK5wY8MXQ==",
			"bin": {
				"mime": "cli.js"
			}
		},
		"node_modules/mime-db": {
			"version": "1.52.0",
			"resolved": "https://registry.npmjs.org/mime-db/-/mime-db-1.52.0.tgz",
			"integrity": "sha512-sPU4uV7dYlvtWJxwwxHD0PuihVNiE7TyAbQ5SWxDCB9mUYvOgroQOwYQQOKPJ8CIbE+1ETVlOoK1UC2nU3gYvg==",
			"engines": {
				"node": ">= 0.6"
			}
		},
		"node_modules/mime-types": {
			"version": "2.1.35",
			"resolved": "https://registry.npmjs.org/mime-types/-/mime-types-2.1.35.tgz",
			"integrity": "sha512-ZDY+bPm5zTTF+YpCrAU9nK0UgICYPT0QtT1NZWFv4s++TNkcgVaT0g6+4R2uI4MjQjzysHB1zxuWL50hzaeXiw==",
			"dependencies": {
				"mime-db": "1.52.0"
			},
			"engines": {
				"node": ">= 0.6"
			}
		},
		"node_modules/morgan": {
			"version": "1.6.1",
			"resolved": "https://registry.npmjs.org/morgan/-/morgan-1.6.1.tgz",
			"integrity": "sha512-WWxlTx5xCqbtSeX/gPVHUZBhAhSMfYQLgPrWHEN0FYnF+zf1Ju/Zct6rpeKmvzibrYF4QvFVws7IN61BxnKu+Q==",
			"dependencies": {
				"basic-auth": "~1.0.3",
				"debug": "~2.2.0",
				"depd": "~1.0.1",
				"on-finished": "~2.3.0",
				"on-headers": "~1.0.0"
			},
			"engines": {
				"node": ">= 0.8.0"
			}
		},
		"node_modules/ms": {
			"version": "0.7.1",
			"resolved": "https://registry.npmjs.org/ms/-/ms-0.7.1.tgz",
			"integrity": "sha512-lRLiIR9fSNpnP6TC4v8+4OU7oStC01esuNowdQ34L+Gk8e5Puoc88IqJ+XAY/B3Mn2ZKis8l8HX90oU8ivzUHg=="
		},
		"node_modules/multiparty": {
			"version": "3.3.2",
			"resolved": "https://registry.npmjs.org/multiparty/-/multiparty-3.3.2.tgz",
			"integrity": "sha512-FX6dDOKzDpkrb5/+Imq+V6dmCZNnC02tMDiZfrgHSYgfQj6CVPGzOVqfbHKt/Vy4ZZsmMPXkulyLf92lCyvV7A==",
			"dependencies": {
				"readable-stream": "~1.1.9",
				"stream-counter": "~0.2.0"
			},
			"engines": {
				"node": ">=0.8.0"
			}
		},
		"node_modules/negotiator": {
			"version": "0.5.3",
			"resolved": "https://registry.npmjs.org/negotiator/-/negotiator-0.5.3.tgz",
			"integrity": "sha512-oXmnazqehLNFohqgLxRyUdOQU9/UX0NpCpsnbjWUjM62ZM8oSOXYZpHc68XR130ftPNano0oQXGdREAplZRhaQ==",
			"engines": {
				"node": ">= 0.6"
			}
		},
		"node_modules/object-assign": {
			"version": "4.1.0",
			"resolved": "https://registry.npmjs.org/object-assign/-/object-assign-4.1.0.tgz",
			"integrity": "sha512-Lbc7GfN7XFaK30bzUN3cDYLOkT0dH05S0ax1QikylHUD9+Z9PRF3G1iYwX3kcz+6AlzTFGkUgMxz6l3aUwbwTA==",
			"engines": {
				"node": ">=0.10.0"
			}
		},
		"node_modules/object-component": {
			"version": "0.0.3",
			"resolved": "https://registry.npmjs.org/object-component/-/object-component-0.0.3.tgz",
			"integrity": "sha512-S0sN3agnVh2SZNEIGc0N1X4Z5K0JeFbGBrnuZpsxuUh5XLF0BnvWkMjRXo/zGKLd/eghvNIKcx1pQkmUjXIyrA=="
		},
		"node_modules/on-finished": {
			"version": "2.3.0",
			"resolved": "https://registry.npmjs.org/on-finished/-/on-finished-2.3.0.tgz",
			"integrity": "sha512-ikqdkGAAyf/X/gPhXGvfgAytDZtDbr+bkNUJ0N9h5MI/dmdgCs3l6hoHrcUv41sRKew3jIwrp4qQDXiK99Utww==",
			"dependencies": {
				"ee-first": "1.1.1"
			},
			"engines": {
				"node": ">= 0.8"
			}
		},
		"node_modules/on-headers": {
			"version": "1.0.2",
			"resolved": "https://registry.npmjs.org/on-headers/-/on-headers-1.0.2.tgz",
			"integrity": "sha512-pZAE+FJLoyITytdqK0U5s+FIpjN0JP3OzFi/u8Rx+EV5/W+JTWGXG8xFzevE7AjBfDqHv/8vL8qQsIhHnqRkrA==",
			"engines": {
				"node": ">= 0.8"
			}
		},
		"node_modules/options": {
			"version": "0.0.6",
			"resolved": "https://registry.npmjs.org/options/-/options-0.0.6.tgz",
			"integrity": "sha512-bOj3L1ypm++N+n7CEbbe473A414AB7z+amKYshRb//iuL3MpdDCLhPnw6aVTdKB9g5ZRVHIEp8eUln6L2NUStg==",
			"engines": {
				"node": ">=0.4.0"
			}
		},
		"node_modules/parsejson": {
			"version": "0.0.3",
			"resolved": "https://registry.npmjs.org/parsejson/-/parsejson-0.0.3.tgz",
			"integrity": "sha512-v38ZjVbinlZ2r1Rz06WUZEnGoSRcEGX+roMsiWjHeAe23s2qlQUyfmsPQZvh7d8l0E8AZzTIO/RkUr00LfkSiA==",
			"dependencies": {
				"better-assert": "~1.0.0"
			}
		},
		"node_modules/parseqs": {
			"version": "0.0.5",
			"resolved": "https://registry.npmjs.org/parseqs/-/parseqs-0.0.5.tgz",
			"integrity": "sha512-B3Nrjw2aL7aI4TDujOzfA4NsEc4u1lVcIRE0xesutH8kjeWF70uk+W5cBlIQx04zUH9NTBvuN36Y9xLRPK6Jjw==",
			"dependencies": {
				"better-assert": "~1.0.0"
			}
		},
		"node_modules/parseuri": {
			"version": "0.0.5",
			"resolved": "https://registry.npmjs.org/parseuri/-/parseuri-0.0.5.tgz",
			"integrity": "sha512-ijhdxJu6l5Ru12jF0JvzXVPvsC+VibqeaExlNoMhWN6VQ79PGjkmc7oA4W1lp00sFkNyj0fx6ivPLdV51/UMog==",
			"dependencies": {
				"better-assert": "~1.0.0"
			}
		},
		"node_modules/parseurl": {
			"version": "1.3.3",
			"resolved": "https://registry.npmjs.org/parseurl/-/parseurl-1.3.3.tgz",
			"integrity": "sha512-CiyeOxFT/JZyN5m0z9PfXw4SCBJ6Sygz1Dpl0wqjlhDEGGBP1GnsUVEL0p63hoG1fcj3fHynXi9NYO4nWOL+qQ==",
			"engines": {
				"node": ">= 0.8"
			}
		},
		"node_modules/pause": {
			"version": "0.1.0",
			"resolved": "https://registry.npmjs.org/pause/-/pause-0.1.0.tgz",
			"integrity": "sha512-aeHLgQCtI3tcuYVnrvAeVb4Tkm1za4r3YDv3hMeUxcRxet3dbEhJOdtoMrsT/Q5tY3Oy2A1A9FD5el5tWp2FSg==",
			"engines": {
				"node": ">= 0.6"
			}
		},
		"node_modules/qs": {
			"version": "4.0.0",
			"resolved": "https://registry.npmjs.org/qs/-/qs-4.0.0.tgz",
			"integrity": "sha512-8MPmJ83uBOPsQj5tQCv4g04/nTiY+d17yl9o3Bw73vC6XlEm2POIRRlOgWJ8i74bkGLII670cDJJZkgiZ2sIkg=="
		},
		"node_modules/random-bytes": {
			"version": "1.0.0",
			"resolved": "https://registry.npmjs.org/random-bytes/-/random-bytes-1.0.0.tgz",
			"integrity": "sha512-iv7LhNVO047HzYR3InF6pUcUsPQiHTM1Qal51DcGSuZFBil1aBBWG5eHPNek7bvILMaYJ/8RU1e8w1AMdHmLQQ==",
			"engines": {
				"node": ">= 0.8"
			}
		},
		"node_modules/range-parser": {
			"version": "1.0.3",
			"resolved": "https://registry.npmjs.org/range-parser/-/range-parser-1.0.3.tgz",
			"integrity": "sha512-nDsRrtIxVUO5opg/A8T2S3ebULVIfuh8ECbh4w3N4mWxIiT3QILDJDUQayPqm2e8Q8NUa0RSUkGCfe33AfjR3Q==",
			"engines": {
				"node": ">= 0.6"
			}
		},
		"node_modules/raw-body": {
			"version": "2.1.7",
			"resolved": "https://registry.npmjs.org/raw-body/-/raw-body-2.1.7.tgz",
			"integrity": "sha512-x4d27vsIG04gZ1imkuDXB9Rd/EkAx5kYzeMijIYw1PAor0Ld3nTlkQQwDjKu42GdRUFCX1AfGnTSQB4O57eWVg==",
			"dependencies": {
				"bytes": "2.4.0",
				"iconv-lite": "0.4.13",
				"unpipe": "1.0.0"
			},
			"engines": {
				"node": ">= 0.8"
			}
		},
		"node_modules/raw-body/node_modules/bytes": {
			"version": "2.4.0",
			"resolved": "https://registry.npmjs.org/bytes/-/bytes-2.4.0.tgz",
			"integrity": "sha512-SvUX8+c/Ga454a4fprIdIUzUN9xfd1YTvYh7ub5ZPJ+ZJ/+K2Bp6IpWGmnw8r3caLTsmhvJAKZz3qjIo9+XuCQ=="
		},
		"node_modules/raw-body/node_modules/iconv-lite": {
			"version": "0.4.13",
			"resolved": "https://registry.npmjs.org/iconv-lite/-/iconv-lite-0.4.13.tgz",
			"integrity": "sha512-QwVuTNQv7tXC5mMWFX5N5wGjmybjNBBD8P3BReTkPmipoxTUFgWM2gXNvldHQr6T14DH0Dh6qBVg98iJt7u4mQ==",
			"engines": {
				"node": ">=0.8.0"
			}
		},
		"node_modules/readable-stream": {
			"version": "1.1.14",
			"resolved": "https://registry.npmjs.org/readable-stream/-/readable-stream-1.1.14.tgz",
			"integrity": "sha512-+MeVjFf4L44XUkhM1eYbD8fyEsxcV81pqMSR5gblfcLCHfZvbrqy4/qYHE+/R5HoBUT11WV5O08Cr1n3YXkWVQ==",
			"dependencies": {
				"core-util-is": "~1.0.0",
				"inherits": "~2.0.1",
				"isarray": "0.0.1",
				"string_decoder": "~0.10.x"
			}
		},
		"node_modules/response-time": {
			"version": "2.3.2",
			"resolved": "https://registry.npmjs.org/response-time/-/response-time-2.3.2.tgz",
			"integrity": "sha512-MUIDaDQf+CVqflfTdQ5yam+aYCkXj1PY8fjlPDQ6ppxJlmgZb864pHtA750mayywNg8tx4rS7qH9JXd/OF+3gw==",
			"dependencies": {
				"depd": "~1.1.0",
				"on-headers": "~1.0.1"
			},
			"engines": {
				"node": ">= 0.8.0"
			}
		},
		"node_modules/response-time/node_modules/depd": {
			"version": "1.1.2",
			"resolved": "https://registry.npmjs.org/depd/-/depd-1.1.2.tgz",
			"integrity": "sha512-7emPTl6Dpo6JRXOXjLRxck+FlLRX5847cLKEn00PLAgc3g2hTZZgr+e4c2v6QpSmLeFP3n5yUo7ft6avBK/5jQ==",
			"engines": {
				"node": ">= 0.6"
			}
		},
		"node_modules/rndm": {
			"version": "1.2.0",
			"resolved": "https://registry.npmjs.org/rndm/-/rndm-1.2.0.tgz",
			"integrity": "sha512-fJhQQI5tLrQvYIYFpOnFinzv9dwmR7hRnUz1XqP3OJ1jIweTNOd6aTO4jwQSgcBSFUB+/KHJxuGneime+FdzOw=="
		},
		"node_modules/sax": {
			"version": "1.2.4",
			"resolved": "https://registry.npmjs.org/sax/-/sax-1.2.4.tgz",
			"integrity": "sha512-NqVDv9TpANUjFm0N8uM5GxL36UgKi9/atZw+x7YFnQ8ckwFGKrl4xX4yWtrey3UJm5nP1kUbnYgLopqWNSRhWw=="
		},
		"node_modules/send": {
			"version": "0.13.2",
			"resolved": "https://registry.npmjs.org/send/-/send-0.13.2.tgz",
			"integrity": "sha512-cQ0rmXHrdO2Iof08igV2bG/yXWD106ANwBg6DkGQNT2Vsznbgq6T0oAIQboy1GoFsIuy51jCim26aA9tj3Z3Zg==",
			"dependencies": {
				"debug": "~2.2.0",
				"depd": "~1.1.0",
				"destroy": "~1.0.4",
				"escape-html": "~1.0.3",
				"etag": "~1.7.0",
				"fresh": "0.3.0",
				"http-errors": "~1.3.1",
				"mime": "1.3.4",
				"ms": "0.7.1",
				"on-finished": "~2.3.0",
				"range-parser": "~1.0.3",
				"statuses": "~1.2.1"
			},
			"engines": {
				"node": ">= 0.8.0"
			}
		},
		"node_modules/send/node_modules/depd": {
			"version": "1.1.2",
			"resolved": "https://registry.npmjs.org/depd/-/depd-1.1.2.tgz",
			"integrity": "sha512-7emPTl6Dpo6JRXOXjLRxck+FlLRX5847cLKEn00PLAgc3g2hTZZgr+e4c2v6QpSmLeFP3n5yUo7ft6avBK/5jQ==",
			"engines": {
				"node": ">= 0.6"
			}
		},
		"node_modules/send/node_modules/statuses": {
			"version": "1.2.1",
			"resolved": "https://registry.npmjs.org/statuses/-/statuses-1.2.1.tgz",
			"integrity": "sha512-pVEuxHdSGrt8QmQ3LOZXLhSA6MP/iPqKzZeO6Squ7PNGkA/9MBsSfV0/L+bIxkoDmjF4tZcLpcVq/fkqoHvuKg=="
		},
		"node_modules/serve-favicon": {
			"version": "2.3.2",
			"resolved": "https://registry.npmjs.org/serve-favicon/-/serve-favicon-2.3.2.tgz",
			"integrity": "sha512-oHEaA3ohvKxEWhjP97cQ6QuTTbMBF3AxDyMSvBtvnl1jXaB2Ik6kXE7nUtPM3YVU5VHCDe6n7JZrFCWzQuvXEQ==",
			"dependencies": {
				"etag": "~1.7.0",
				"fresh": "0.3.0",
				"ms": "0.7.2",
				"parseurl": "~1.3.1"
			},
			"engines": {
				"node": ">= 0.8.0"
			}
		},
		"node_modules/serve-favicon/node_modules/ms": {
			"version": "0.7.2",
			"resolved": "https://registry.npmjs.org/ms/-/ms-0.7.2.tgz",
			"integrity": "sha512-5NnE67nQSQDJHVahPJna1PQ/zCXMnQop3yUCxjKPNzCxuyPSKWTQ/5Gu5CZmjetwGLWRA+PzeF5thlbOdbQldA=="
		},
		"node_modules/serve-index": {
			"version": "1.7.3",
			"resolved": "https://registry.npmjs.org/serve-index/-/serve-index-1.7.3.tgz",
			"integrity": "sha512-g18EQWY83uFBldFpCyK/a49yxQgIMEMLA6U9f66FiI848mLkMO8EY/xRAZAoCwNFwSUAiArCF3mdjaNXpd3ghw==",
			"dependencies": {
				"accepts": "~1.2.13",
				"batch": "0.5.3",
				"debug": "~2.2.0",
				"escape-html": "~1.0.3",
				"http-errors": "~1.3.1",
				"mime-types": "~2.1.9",
				"parseurl": "~1.3.1"
			},
			"engines": {
				"node": ">= 0.8.0"
			}
		},
		"node_modules/serve-static": {
			"version": "1.10.3",
			"resolved": "https://registry.npmjs.org/serve-static/-/serve-static-1.10.3.tgz",
			"integrity": "sha512-ScsFovjz3Db+vGgpofR/U8p8UULEcGV9akqyo8TQ1mMnjcxemE7Y5Muo+dvy3tJLY/doY2v1H61eCBMYGmwfrA==",
			"dependencies": {
				"escape-html": "~1.0.3",
				"parseurl": "~1.3.1",
				"send": "0.13.2"
			},
			"engines": {
				"node": ">= 0.8.0"
			}
		},
		"node_modules/socket.io": {
			"version": "1.7.4",
			"resolved": "https://registry.npmjs.org/socket.io/-/socket.io-1.7.4.tgz",
			"integrity": "sha512-rKMY/U7gBmbHjwrljcPHy+uEXZ5973WvO2DrooL643w1R24SZVzsmhvNmJFjYVhAL4y7wrZJJS/znUfp0VWfKw==",
			"dependencies": {
				"debug": "2.3.3",
				"engine.io": "~1.8.4",
				"has-binary": "0.1.7",
				"object-assign": "4.1.0",
				"socket.io-adapter": "0.5.0",
				"socket.io-client": "1.7.4",
				"socket.io-parser": "2.3.1"
			}
		},
		"node_modules/socket.io-adapter": {
			"version": "0.5.0",
			"resolved": "https://registry.npmjs.org/socket.io-adapter/-/socket.io-adapter-0.5.0.tgz",
			"integrity": "sha512-zmYvlFJay9skt4yk1MffE9p93HKvQtyy0BLZ5dRM73bOXFJXNZWq8qZVdY456sLaxdK6fHGiZ7glxzqvzwGzkw==",
			"dependencies": {
				"debug": "2.3.3",
				"socket.io-parser": "2.3.1"
			}
		},
		"node_modules/socket.io-adapter/node_modules/debug": {
			"version": "2.3.3",
			"resolved": "https://registry.npmjs.org/debug/-/debug-2.3.3.tgz",
			"integrity": "sha512-dCHp4G+F11zb+RtEu7BE2U8R32AYmM/4bljQfut8LipH3PdwsVBVGh083MXvtKkB7HSQUzSwiXz53c4mzJvYfw==",
			"dependencies": {
				"ms": "0.7.2"
			}
		},
		"node_modules/socket.io-adapter/node_modules/ms": {
			"version": "0.7.2",
			"resolved": "https://registry.npmjs.org/ms/-/ms-0.7.2.tgz",
			"integrity": "sha512-5NnE67nQSQDJHVahPJna1PQ/zCXMnQop3yUCxjKPNzCxuyPSKWTQ/5Gu5CZmjetwGLWRA+PzeF5thlbOdbQldA=="
		},
		"node_modules/socket.io-client": {
			"version": "1.7.4",
			"resolved": "https://registry.npmjs.org/socket.io-client/-/socket.io-client-1.7.4.tgz",
			"integrity": "sha512-vW9xr9XyTJejFS//7GNZmLTLkUSAcvOSxRXXhrojV+7wboTFB8CuvK1UBCW3NiB2kqyi0h9cTeyD7dXjdUd9jQ==",
			"dependencies": {
				"backo2": "1.0.2",
				"component-bind": "1.0.0",
				"component-emitter": "1.2.1",
				"debug": "2.3.3",
				"engine.io-client": "~1.8.4",
				"has-binary": "0.1.7",
				"indexof": "0.0.1",
				"object-component": "0.0.3",
				"parseuri": "0.0.5",
				"socket.io-parser": "2.3.1",
				"to-array": "0.1.4"
			}
		},
		"node_modules/socket.io-client/node_modules/debug": {
			"version": "2.3.3",
			"resolved": "https://registry.npmjs.org/debug/-/debug-2.3.3.tgz",
			"integrity": "sha512-dCHp4G+F11zb+RtEu7BE2U8R32AYmM/4bljQfut8LipH3PdwsVBVGh083MXvtKkB7HSQUzSwiXz53c4mzJvYfw==",
			"dependencies": {
				"ms": "0.7.2"
			}
		},
		"node_modules/socket.io-client/node_modules/ms": {
			"version": "0.7.2",
			"resolved": "https://registry.npmjs.org/ms/-/ms-0.7.2.tgz",
			"integrity": "sha512-5NnE67nQSQDJHVahPJna1PQ/zCXMnQop3yUCxjKPNzCxuyPSKWTQ/5Gu5CZmjetwGLWRA+PzeF5thlbOdbQldA=="
		},
		"node_modules/socket.io-parser": {
			"version": "2.3.1",
			"resolved": "https://registry.npmjs.org/socket.io-parser/-/socket.io-parser-2.3.1.tgz",
			"integrity": "sha512-j6l4g/+yWQjmy1yByzg1DPFL4vxQw+NwCJatIxni/AE1wfm17FBtIKSWU4Ay+onrJwDxmC4eK4QS/04ZsqYwZQ==",
			"dependencies": {
				"component-emitter": "1.1.2",
				"debug": "2.2.0",
				"isarray": "0.0.1",
				"json3": "3.3.2"
			}
		},
		"node_modules/socket.io-parser/node_modules/component-emitter": {
			"version": "1.1.2",
			"resolved": "https://registry.npmjs.org/component-emitter/-/component-emitter-1.1.2.tgz",
			"integrity": "sha512-YhIbp3PJiznERfjlIkK0ue4obZxt2S60+0W8z24ZymOHT8sHloOqWOqZRU2eN5OlY8U08VFsP02letcu26FilA=="
		},
		"node_modules/socket.io/node_modules/debug": {
			"version": "2.3.3",
			"resolved": "https://registry.npmjs.org/debug/-/debug-2.3.3.tgz",
			"integrity": "sha512-dCHp4G+F11zb+RtEu7BE2U8R32AYmM/4bljQfut8LipH3PdwsVBVGh083MXvtKkB7HSQUzSwiXz53c4mzJvYfw==",
			"dependencies": {
				"ms": "0.7.2"
			}
		},
		"node_modules/socket.io/node_modules/ms": {
			"version": "0.7.2",
			"resolved": "https://registry.npmjs.org/ms/-/ms-0.7.2.tgz",
			"integrity": "sha512-5NnE67nQSQDJHVahPJna1PQ/zCXMnQop3yUCxjKPNzCxuyPSKWTQ/5Gu5CZmjetwGLWRA+PzeF5thlbOdbQldA=="
		},
		"node_modules/statuses": {
			"version": "1.5.0",
			"resolved": "https://registry.npmjs.org/statuses/-/statuses-1.5.0.tgz",
			"integrity": "sha512-OpZ3zP+jT1PI7I8nemJX4AKmAX070ZkYPVWV/AaKTJl+tXCTGyVdC1a4SL8RUQYEwk/f34ZX8UTykN68FwrqAA==",
			"engines": {
				"node": ">= 0.6"
			}
		},
		"node_modules/stream-counter": {
			"version": "0.2.0",
			"resolved": "https://registry.npmjs.org/stream-counter/-/stream-counter-0.2.0.tgz",
			"integrity": "sha512-GjA2zKc2iXUUKRcOxXQmhEx0Ev3XHJ6c8yWGqhQjWwhGrqNwSsvq9YlRLgoGtZ5Kx2Ln94IedaqJ5GUG6aBbxA==",
			"dependencies": {
				"readable-stream": "~1.1.8"
			},
			"engines": {
				"node": ">=0.8.0"
			}
		},
		"node_modules/string_decoder": {
			"version": "0.10.31",
			"resolved": "https://registry.npmjs.org/string_decoder/-/string_decoder-0.10.31.tgz",
			"integrity": "sha512-ev2QzSzWPYmy9GuqfIVildA4OdcGLeFZQrq5ys6RtiuF+RQQiZWr8TZNyAcuVXyQRYfEO+MsoB/1BuQVhOJuoQ=="
		},
		"node_modules/to-array": {
			"version": "0.1.4",
			"resolved": "https://registry.npmjs.org/to-array/-/to-array-0.1.4.tgz",
			"integrity": "sha512-LhVdShQD/4Mk4zXNroIQZJC+Ap3zgLcDuwEdcmLv9CCO73NWockQDwyUnW/m8VX/EElfL6FcYx7EeutN4HJA6A=="
		},
		"node_modules/tsscmp": {
			"version": "1.0.5",
			"resolved": "https://registry.npmjs.org/tsscmp/-/tsscmp-1.0.5.tgz",
			"integrity": "sha512-aP/vy9xYiYGvtpW4xBkxdoeqbT+nNeo/37cdQk3iSiGz0xKb20XwOgBSqYo1DzEqt1ycPubEfPU3oHgzsRRL3g==",
			"engines": {
				"node": ">=0.6.x"
			}
		},
		"node_modules/type-is": {
			"version": "1.6.18",
			"resolved": "https://registry.npmjs.org/type-is/-/type-is-1.6.18.tgz",
			"integrity": "sha512-TkRKr9sUTxEH8MdfuCSP7VizJyzRNMjj2J2do2Jr3Kym598JVdEksuzPQCnlFPW4ky9Q+iA+ma9BGm06XQBy8g==",
			"dependencies": {
				"media-typer": "0.3.0",
				"mime-types": "~2.1.24"
			},
			"engines": {
				"node": ">= 0.6"
			}
		},
		"node_modules/uid-safe": {
			"version": "2.1.4",
			"resolved": "https://registry.npmjs.org/uid-safe/-/uid-safe-2.1.4.tgz",
			"integrity": "sha512-MHTGzIDNPv1XhDK0MyKvEroobUhtpMa649/9SIFbTRO2dshLctD3zxOwQw+gQ+Mlp5osfMdUU1sjcO6Fw4rvCA==",
			"dependencies": {
				"random-bytes": "~1.0.0"
			},
			"engines": {
				"node": ">= 0.8"
			}
		},
		"node_modules/ultron": {
			"version": "1.0.2",
			"resolved": "https://registry.npmjs.org/ultron/-/ultron-1.0.2.tgz",
			"integrity": "sha512-QMpnpVtYaWEeY+MwKDN/UdKlE/LsFZXM5lO1u7GaZzNgmIbGixHEmVMIKT+vqYOALu3m5GYQy9kz4Xu4IVn7Ow=="
		},
		"node_modules/unpipe": {
			"version": "1.0.0",
			"resolved": "https://registry.npmjs.org/unpipe/-/unpipe-1.0.0.tgz",
			"integrity": "sha512-pjy2bYhSsufwWlKwPc+l3cN7+wuJlK6uz0YdJEOlQDbl6jo/YlPi4mb8agUkVC8BF7V8NuzeyPNqRksA3hztKQ==",
			"engines": {
				"node": ">= 0.8"
			}
		},
		"node_modules/utils-merge": {
			"version": "1.0.0",
			"resolved": "https://registry.npmjs.org/utils-merge/-/utils-merge-1.0.0.tgz",
			"integrity": "sha512-HwU9SLQEtyo+0uoKXd1nkLqigUWLB+QuNQR4OcmB73eWqksM5ovuqcycks2x043W8XVb75rG1HQ0h93TMXkzQQ==",
			"engines": {
				"node": ">= 0.4.0"
			}
		},
		"node_modules/vary": {
			"version": "1.0.1",
			"resolved": "https://registry.npmjs.org/vary/-/vary-1.0.1.tgz",
			"integrity": "sha512-yNsH+tC0r8quK2tg/yqkXqqaYzeKTkSqQ+8T6xCoWgOi/bU/omMYz+6k+I91JJJDeltJzI7oridTOq6OYkY0Tw==",
			"engines": {
				"node": ">= 0.8"
			}
		},
		"node_modules/vhost": {
			"version": "3.0.2",
			"resolved": "https://registry.npmjs.org/vhost/-/vhost-3.0.2.tgz",
			"integrity": "sha512-S3pJdWrpFWrKMboRU4dLYgMrTgoPALsmYwOvyebK2M6X95b9kQrjZy5rwl3uzzpfpENe/XrNYu/2U+e7/bmT5g==",
			"engines": {
				"node": ">= 0.8.0"
			}
		},
		"node_modules/ws": {
			"version": "1.1.5",
			"resolved": "https://registry.npmjs.org/ws/-/ws-1.1.5.tgz",
			"integrity": "sha512-o3KqipXNUdS7wpQzBHSe180lBGO60SoK0yVo3CYJgb2MkobuWuBX6dhkYP5ORCLd55y+SaflMOV5fqAB53ux4w==",
			"dependencies": {
				"options": ">=0.0.5",
				"ultron": "1.0.x"
			}
		},
		"node_modules/wtf-8": {
			"version": "1.0.0",
			"resolved": "https://registry.npmjs.org/wtf-8/-/wtf-8-1.0.0.tgz",
			"integrity": "sha512-qfR6ovmRRMxNHgUNYI9LRdVofApe/eYrv4ggNOvvCP+pPdEo9Ym93QN4jUceGD6PignBbp2zAzgoE7GibAdq2A=="
		},
		"node_modules/xml2js": {
			"version": "0.5.0",
			"resolved": "https://registry.npmjs.org/xml2js/-/xml2js-0.5.0.tgz",
			"integrity": "sha512-drPFnkQJik/O+uPKpqSgr22mpuFHqKdbS835iAQrUC73L2F5WkboIRd63ai/2Yg6I1jzifPFKH2NTK+cfglkIA==",
			"dependencies": {
				"sax": ">=0.6.0",
				"xmlbuilder": "~11.0.0"
			},
			"engines": {
				"node": ">=4.0.0"
			}
		},
		"node_modules/xmlbuilder": {
			"version": "11.0.1",
			"resolved": "https://registry.npmjs.org/xmlbuilder/-/xmlbuilder-11.0.1.tgz",
			"integrity": "sha512-fDlsI/kFEx7gLvbecc0/ohLG50fugQp8ryHzMTuW9vSa1GJ0XYWKnhsUx7oie3G98+r56aTQIUB4kht42R3JvA==",
			"engines": {
				"node": ">=4.0"
			}
		},
		"node_modules/xmlhttprequest-ssl": {
			"version": "1.6.3",
			"resolved": "https://registry.npmjs.org/xmlhttprequest-ssl/-/xmlhttprequest-ssl-1.6.3.tgz",
			"integrity": "sha512-3XfeQE/wNkvrIktn2Kf0869fC0BN6UpydVasGIeSm2B1Llihf7/0UfZM+eCkOw3P7bP4+qPgqhm7ZoxuJtFU0Q==",
			"engines": {
				"node": ">=0.4.0"
			}
		},
		"node_modules/yeast": {
			"version": "0.1.2",
			"resolved": "https://registry.npmjs.org/yeast/-/yeast-0.1.2.tgz",
			"integrity": "sha512-8HFIh676uyGYP6wP13R/j6OJ/1HwJ46snpvzE7aHAN3Ryqh2yX6Xox2B4CUmTwwOIzlG3Bs7ocsP5dZH/R1Qbg=="
		}
	}
}
